
Microsoft Visual Studio Solution File, Format Version 12.00
# Visual Studio Version 16
VisualStudioVersion = 16.0.30523.141
MinimumVisualStudioVersion = 10.0.40219.1
Project("{FAE04EC0-301F-11D3-BF4B-00C04F79EFBC}") = "HubCo_living", "HubCo_living\HubCo_living.csproj", "{517FFA09-9A21-48E4-A911-ABE7ACAD97EE}"
EndProject
Global
	GlobalSection(SolutionConfigurationPlatforms) = preSolution
		Debug|Any CPU = Debug|Any CPU
		Release|Any CPU = Release|Any CPU
	EndGlobalSection
	GlobalSection(ProjectConfigurationPlatforms) = postSolution
		{517FFA09-9A21-48E4-A911-ABE7ACAD97EE}.Debug|Any CPU.ActiveCfg = Debug|Any CPU
		{517FFA09-9A21-48E4-A911-ABE7ACAD97EE}.Debug|Any CPU.Build.0 = Debug|Any CPU
		{517FFA09-9A21-48E4-A911-ABE7ACAD97EE}.Release|Any CPU.ActiveCfg = Release|Any CPU
		{517FFA09-9A21-48E4-A911-ABE7ACAD97EE}.Release|Any CPU.Build.0 = Release|Any CPU
	EndGlobalSection
	GlobalSection(SolutionProperties) = preSolution
		HideSolutionNode = FALSE
	EndGlobalSection
	GlobalSection(ExtensibilityGlobals) = postSolution
		SolutionGuid = {AF7DA7E6-8172-4A80-971C-89C4B9348477}
	EndGlobalSection
EndGlobal
